{
  "requires": true,
  "lockfileVersion": 1,
  "dependencies": {
    "parsec": {
      "version": "2.0.2",
      "resolved": "https://registry.npmjs.org/parsec/-/parsec-2.0.2.tgz",
      "integrity": "sha512-4rXD5jon00sYj70xma4MKI9uGLfE7CvJq8iM+MBrJ596oWUWJZZqjZbLtTWUj5KIkegS4CexIqS4YgEq80zXOA=="
    }
  }
}
